
Microsoft Visual Studio Solution File, Format Version 12.00
# Visual Studio Version 17
VisualStudioVersion = 17.3.32929.385
MinimumVisualStudioVersion = 10.0.40219.1
Project("{9A19103F-16F7-4668-BE54-9A1E7A4F7556}") = "ReviewMe.API", "ReviewMe\ReviewMe.API.csproj", "{DD5FFB1B-F474-4A28-86DD-F2D085EACB40}"
EndProject
Project("{9A19103F-16F7-4668-BE54-9A1E7A4F7556}") = "ReviewMe.Logic", "ReviewMe.Logic\ReviewMe.Logic.csproj", "{EB97D8ED-CE00-441F-B2E4-92FBEAD12941}"
EndProject
Project("{9A19103F-16F7-4668-BE54-9A1E7A4F7556}") = "ReviewMe.Data", "ReviewMe.Data\ReviewMe.Data.csproj", "{D9F4A2BF-CD88-4930-8454-3595A2227A7B}"
EndProject
Project("{FAE04EC0-301F-11D3-BF4B-00C04F79EFBC}") = "ReviewMe.Tests", "ReviewMe.Tests\ReviewMe.Tests.csproj", "{DA9728C0-B339-4CA5-A832-14CE16E21561}"
EndProject
Global
	GlobalSection(SolutionConfigurationPlatforms) = preSolution
		Debug|Any CPU = Debug|Any CPU
		Release|Any CPU = Release|Any CPU
	EndGlobalSection
	GlobalSection(ProjectConfigurationPlatforms) = postSolution
		{DD5FFB1B-F474-4A28-86DD-F2D085EACB40}.Debug|Any CPU.ActiveCfg = Debug|Any CPU
		{DD5FFB1B-F474-4A28-86DD-F2D085EACB40}.Debug|Any CPU.Build.0 = Debug|Any CPU
		{DD5FFB1B-F474-4A28-86DD-F2D085EACB40}.Release|Any CPU.ActiveCfg = Release|Any CPU
		{DD5FFB1B-F474-4A28-86DD-F2D085EACB40}.Release|Any CPU.Build.0 = Release|Any CPU
		{EB97D8ED-CE00-441F-B2E4-92FBEAD12941}.Debug|Any CPU.ActiveCfg = Debug|Any CPU
		{EB97D8ED-CE00-441F-B2E4-92FBEAD12941}.Debug|Any CPU.Build.0 = Debug|Any CPU
		{EB97D8ED-CE00-441F-B2E4-92FBEAD12941}.Release|Any CPU.ActiveCfg = Release|Any CPU
		{EB97D8ED-CE00-441F-B2E4-92FBEAD12941}.Release|Any CPU.Build.0 = Release|Any CPU
		{D9F4A2BF-CD88-4930-8454-3595A2227A7B}.Debug|Any CPU.ActiveCfg = Debug|Any CPU
		{D9F4A2BF-CD88-4930-8454-3595A2227A7B}.Debug|Any CPU.Build.0 = Debug|Any CPU
		{D9F4A2BF-CD88-4930-8454-3595A2227A7B}.Release|Any CPU.ActiveCfg = Release|Any CPU
		{D9F4A2BF-CD88-4930-8454-3595A2227A7B}.Release|Any CPU.Build.0 = Release|Any CPU
		{DA9728C0-B339-4CA5-A832-14CE16E21561}.Debug|Any CPU.ActiveCfg = Debug|Any CPU
		{DA9728C0-B339-4CA5-A832-14CE16E21561}.Debug|Any CPU.Build.0 = Debug|Any CPU
		{DA9728C0-B339-4CA5-A832-14CE16E21561}.Release|Any CPU.ActiveCfg = Release|Any CPU
		{DA9728C0-B339-4CA5-A832-14CE16E21561}.Release|Any CPU.Build.0 = Release|Any CPU
	EndGlobalSection
	GlobalSection(SolutionProperties) = preSolution
		HideSolutionNode = FALSE
	EndGlobalSection
	GlobalSection(ExtensibilityGlobals) = postSolution
		SolutionGuid = {954CB299-9B61-494A-9543-A55F47F5FE3A}
	EndGlobalSection
EndGlobal
